
Microsoft Visual Studio Solution File, Format Version 12.00
# Visual Studio Version 17
VisualStudioVersion = 17.13.35919.96 d17.13
MinimumVisualStudioVersion = 10.0.40219.1
Project("{FAE04EC0-301F-11D3-BF4B-00C04F79EFBC}") = "TrainingAPI001", "TrainingAPI001\TrainingAPI001.csproj", "{2FE6CCF7-BD0B-4B02-BA76-4D845BF3A690}"
EndProject
Global
	GlobalSection(SolutionConfigurationPlatforms) = preSolution
		Debug|Any CPU = Debug|Any CPU
		Release|Any CPU = Release|Any CPU
	EndGlobalSection
	GlobalSection(ProjectConfigurationPlatforms) = postSolution
		{2FE6CCF7-BD0B-4B02-BA76-4D845BF3A690}.Debug|Any CPU.ActiveCfg = Debug|Any CPU
		{2FE6CCF7-BD0B-4B02-BA76-4D845BF3A690}.Debug|Any CPU.Build.0 = Debug|Any CPU
		{2FE6CCF7-BD0B-4B02-BA76-4D845BF3A690}.Release|Any CPU.ActiveCfg = Release|Any CPU
		{2FE6CCF7-BD0B-4B02-BA76-4D845BF3A690}.Release|Any CPU.Build.0 = Release|Any CPU
	EndGlobalSection
	GlobalSection(SolutionProperties) = preSolution
		HideSolutionNode = FALSE
	EndGlobalSection
	GlobalSection(ExtensibilityGlobals) = postSolution
		SolutionGuid = {742B3882-2F96-4BDB-B704-07AAD7E9E293}
	EndGlobalSection
EndGlobal
